
Microsoft Visual Studio Solution File, Format Version 12.00
# Visual Studio 15
VisualStudioVersion = 15.0.27428.2043
MinimumVisualStudioVersion = 10.0.40219.1
Project("{FAE04EC0-301F-11D3-BF4B-00C04F79EFBC}") = "IEnumerable and IQueryable", "IEnumerable and IQueryable\IEnumerable and IQueryable.csproj", "{5F0E74DC-FB17-438F-B37E-15F716AF9CDB}"
EndProject
Global
	GlobalSection(SolutionConfigurationPlatforms) = preSolution
		Debug|Any CPU = Debug|Any CPU
		Release|Any CPU = Release|Any CPU
	EndGlobalSection
	GlobalSection(ProjectConfigurationPlatforms) = postSolution
		{5F0E74DC-FB17-438F-B37E-15F716AF9CDB}.Debug|Any CPU.ActiveCfg = Debug|Any CPU
		{5F0E74DC-FB17-438F-B37E-15F716AF9CDB}.Debug|Any CPU.Build.0 = Debug|Any CPU
		{5F0E74DC-FB17-438F-B37E-15F716AF9CDB}.Release|Any CPU.ActiveCfg = Release|Any CPU
		{5F0E74DC-FB17-438F-B37E-15F716AF9CDB}.Release|Any CPU.Build.0 = Release|Any CPU
	EndGlobalSection
	GlobalSection(SolutionProperties) = preSolution
		HideSolutionNode = FALSE
	EndGlobalSection
	GlobalSection(ExtensibilityGlobals) = postSolution
		SolutionGuid = {B04F9E90-2FED-4A99-973F-3A87A68148EB}
	EndGlobalSection
EndGlobal
